
Microsoft Visual Studio Solution File, Format Version 12.00
# Visual Studio Version 17
VisualStudioVersion = 17.7.34202.233
MinimumVisualStudioVersion = 10.0.40219.1
Project("{FAE04EC0-301F-11D3-BF4B-00C04F79EFBC}") = "Eco_Tec", "Eco_Tec.csproj", "{A47C29C4-436F-46D4-8C1A-FBBFA5681E0E}"
EndProject
Global
	GlobalSection(SolutionConfigurationPlatforms) = preSolution
		Debug|Any CPU = Debug|Any CPU
		Release|Any CPU = Release|Any CPU
	EndGlobalSection
	GlobalSection(ProjectConfigurationPlatforms) = postSolution
		{A47C29C4-436F-46D4-8C1A-FBBFA5681E0E}.Debug|Any CPU.ActiveCfg = Debug|Any CPU
		{A47C29C4-436F-46D4-8C1A-FBBFA5681E0E}.Debug|Any CPU.Build.0 = Debug|Any CPU
		{A47C29C4-436F-46D4-8C1A-FBBFA5681E0E}.Release|Any CPU.ActiveCfg = Release|Any CPU
		{A47C29C4-436F-46D4-8C1A-FBBFA5681E0E}.Release|Any CPU.Build.0 = Release|Any CPU
	EndGlobalSection
	GlobalSection(SolutionProperties) = preSolution
		HideSolutionNode = FALSE
	EndGlobalSection
	GlobalSection(ExtensibilityGlobals) = postSolution
		SolutionGuid = {3C341CB7-BD25-45B4-ADD4-402605991C3B}
	EndGlobalSection
EndGlobal
